{"sdkfabric/notion":{"baseUrl":"https://api.notion.com","security":{"type":"httpBearer"},"operations":{"user.getAll":{"path":"/v1/users","method":"GET","return":{"code":200,"schema":{"$ref":"User_Collection"}},"arguments":{"Notion-Version":{"in":"header","schema":{"type":"string"}},"start_cursor":{"in":"query","schema":{"type":"string"}},"page_size":{"in":"query","schema":{"type":"integer"}}},"throws":[],"description":"Returns a paginated list of Users for the workspace. The response may contain fewer than page_size of results.","stability":1,"security":[],"authorization":true,"tags":[]},"user.get":{"path":"/v1/users/:user_id","method":"GET","return":{"code":200,"schema":{"$ref":"User"}},"arguments":{"Notion-Version":{"in":"header","schema":{"type":"string"}},"user_id":{"in":"path","schema":{"type":"string"}}},"throws":[],"description":"","stability":1,"security":[],"authorization":true,"tags":[]},"database.get":{"path":"/v1/databases/:database_id","method":"GET","return":{"code":200,"schema":{"$ref":"Database"}},"arguments":{"Notion-Version":{"in":"header","schema":{"type":"string"}},"database_id":{"in":"path","schema":{"type":"string"}}},"throws":[],"description":"","stability":1,"security":[],"authorization":true,"tags":[]},"page.get":{"path":"/v1/pages/:page_id","method":"GET","return":{"code":200,"schema":{"$ref":"Page"}},"arguments":{"page_id":{"in":"path","schema":{"type":"string"}}},"throws":[],"description":"","stability":1,"security":[],"authorization":true,"tags":[]}},"definitions":{"Block":{"description":"","type":"object","properties":{"object":{"description":"","type":"string"},"id":{"description":"","type":"string"},"parent":{"description":"","$ref":"Page"},"created_time":{"description":"","format":"date-time","type":"string"},"last_edited_time":{"description":"","format":"date-time","type":"string"},"created_by":{"description":"","$ref":"User"},"last_edited_by":{"description":"","$ref":"User"},"has_children":{"description":"","type":"boolean"},"in_trash":{"description":"","type":"boolean"},"type":{"description":"","type":"string"}}},"Database":{"description":"","type":"object","properties":{"object":{"description":"","type":"string"},"id":{"description":"","type":"string"},"created_time":{"description":"","format":"date-time","type":"string"},"last_edited_time":{"description":"","format":"date-time","type":"string"},"icon":{"description":"","$ref":"Database_Icon"},"cover":{"description":"","$ref":"Database_Cover"},"url":{"description":"","type":"string"},"title":{"description":"","type":"array","items":{"$ref":"Database_Title"}},"description":{"description":"","type":"array","items":{"$ref":"Database_Title"}}}},"Database_Annotations":{"description":"","type":"object","properties":{"bold":{"description":"","type":"boolean"},"italic":{"description":"","type":"boolean"},"strikethrough":{"description":"","type":"boolean"},"underline":{"description":"","type":"boolean"},"code":{"description":"","type":"boolean"},"color":{"description":"","type":"string"}}},"Database_Cover":{"description":"","type":"object","properties":{"type":{"description":"","type":"string"},"external":{"description":"","type":"any"}}},"Database_Icon":{"description":"","type":"object","properties":{"type":{"description":"","type":"string"},"emoji":{"description":"","type":"string"}}},"Database_Text":{"description":"","type":"object","properties":{"content":{"description":"","type":"string"},"link":{"description":"","type":"string"}}},"Database_Title":{"description":"","type":"object","properties":{"type":{"description":"","type":"string"},"text":{"description":"","type":"string"},"annotations":{"description":"","$ref":"Database_Annotations"},"plain_text":{"description":"","type":"string"},"href":{"description":"","type":"string"}}},"Page":{"description":"","type":"object","properties":{"object":{"description":"","type":"string"},"id":{"description":"","type":"string"},"created_time":{"description":"","format":"date-time","type":"string"},"last_edited_time":{"description":"","format":"date-time","type":"string"},"created_by":{"description":"","$ref":"User"},"last_edited_by":{"description":"","$ref":"User"},"cover":{"description":"","type":"string"},"icon":{"description":"","type":"string"},"parent":{"description":"","type":"string"},"in_trash":{"description":"","type":"boolean"},"properties":{"description":"","type":"object","additionalProperties":{"type":"any"}}}},"Person":{"description":"","type":"object","properties":{"email":{"description":"","type":"string"}}},"User":{"description":"","type":"object","properties":{"object":{"description":"","type":"string"},"id":{"description":"","type":"string"},"type":{"description":"","type":"string"},"person":{"description":"","$ref":"Person"},"name":{"description":"","type":"string"},"avatar_url":{"description":"","type":"string"}}},"User_Collection":{"description":"","type":"object","properties":{"results":{"description":"","type":"array","items":{"$ref":"User"}},"next_cursor":{"description":"","type":"string"},"has_more":{"description":"","type":"boolean"}}}}}}